
Microsoft Visual Studio Solution File, Format Version 12.00
# Visual Studio Version 17
VisualStudioVersion = 17.4.33213.308
MinimumVisualStudioVersion = 10.0.40219.1
Project("{9A19103F-16F7-4668-BE54-9A1E7A4F7556}") = "Dynamicweb.DataIntegration.Providers.ODataProvider", "src\Dynamicweb.DataIntegration.Providers.ODataProvider.csproj", "{C89BBDC9-1803-4BE0-8F15-84E588C76801}"
EndProject
Global
	GlobalSection(SolutionConfigurationPlatforms) = preSolution
		Debug|Any CPU = Debug|Any CPU
		Release|Any CPU = Release|Any CPU
	EndGlobalSection
	GlobalSection(ProjectConfigurationPlatforms) = postSolution
		{C89BBDC9-1803-4BE0-8F15-84E588C76801}.Debug|Any CPU.ActiveCfg = Debug|Any CPU
		{C89BBDC9-1803-4BE0-8F15-84E588C76801}.Debug|Any CPU.Build.0 = Debug|Any CPU
		{C89BBDC9-1803-4BE0-8F15-84E588C76801}.Release|Any CPU.ActiveCfg = Release|Any CPU
		{C89BBDC9-1803-4BE0-8F15-84E588C76801}.Release|Any CPU.Build.0 = Release|Any CPU
	EndGlobalSection
	GlobalSection(SolutionProperties) = preSolution
		HideSolutionNode = FALSE
	EndGlobalSection
	GlobalSection(ExtensibilityGlobals) = postSolution
		SolutionGuid = {8D47F30E-2A60-4355-8688-1583D528F081}
	EndGlobalSection
EndGlobal
